lockfileVersion: '6.0'

settings:
  autoInstallPeers: true
  excludeLinksFromLockfile: false

dependencies:
  '@bredele/email-provider':
    specifier: ^1.0.1
    version: 1.1.0

devDependencies:
  '@types/node':
    specifier: ^24.0.3
    version: 24.10.0
  cmplr:
    specifier: ^1.0.0
    version: 1.3.0
  typescript:
    specifier: ^5.8.3
    version: 5.9.3

packages:

  /@borewit/text-codec@0.1.1:
    resolution: {integrity: sha512-5L/uBxmjaCIX5h8Z+uu+kA9BQLkc/Wl06UGR5ajNRxu+/XjonB5i8JpgFMrPj3LXTCPA0pv8yxUvbUi+QthGGA==}
    dev: true

  /@bredele/detect-package-manager@1.0.5:
    resolution: {integrity: sha512-tkgGs5MR7lsahFZ55lSTjvUHEatS0shAwIjJxoiDcKAhwjtVp9tcdbd2yWtUCBWNe4Mk/fMSKaZbkR7G7W43BA==}
    dev: true

  /@bredele/email-provider@1.1.0:
    resolution: {integrity: sha512-0V5Uy1deCAPMI8z3fGM+GLR50mn6bqKUZcU4/hKD4GgMb/spbvHb/hkqXzn1UNvsXxiNfRF3JII9kLAr+OqUOg==}
    dev: false

  /@bredele/package-install@1.0.2:
    resolution: {integrity: sha512-8Uwiy0fC4wJhQ/wuttjlxiDqbIt3Ut1qsEX1z/hu4wvZQTiOrCEInHhthiUqlywn/s3+t7+KjgcFBzXcFcZDJA==}
    dependencies:
      '@bredele/detect-package-manager': 1.0.5
    dev: true

  /@napi-rs/nice-android-arm-eabi@1.1.1:
    resolution: {integrity: sha512-kjirL3N6TnRPv5iuHw36wnucNqXAO46dzK9oPb0wj076R5Xm8PfUVA9nAFB5ZNMmfJQJVKACAPd/Z2KYMppthw==}
    engines: {node: '>= 10'}
    cpu: [arm]
    os: [android]
    requiresBuild: true
    dev: true
    optional: true

  /@napi-rs/nice-android-arm64@1.1.1:
    resolution: {integrity: sha512-blG0i7dXgbInN5urONoUCNf+DUEAavRffrO7fZSeoRMJc5qD+BJeNcpr54msPF6qfDD6kzs9AQJogZvT2KD5nw==}
    engines: {node: '>= 10'}
    cpu: [arm64]
    os: [android]
    requiresBuild: true
    dev: true
    optional: true

  /@napi-rs/nice-darwin-arm64@1.1.1:
    resolution: {integrity: sha512-s/E7w45NaLqTGuOjC2p96pct4jRfo61xb9bU1unM/MJ/RFkKlJyJDx7OJI/O0ll/hrfpqKopuAFDV8yo0hfT7A==}
    engines: {node: '>= 10'}
    cpu: [arm64]
    os: [darwin]
    requiresBuild: true
    dev: true
    optional: true

  /@napi-rs/nice-darwin-x64@1.1.1:
    resolution: {integrity: sha512-dGoEBnVpsdcC+oHHmW1LRK5eiyzLwdgNQq3BmZIav+9/5WTZwBYX7r5ZkQC07Nxd3KHOCkgbHSh4wPkH1N1LiQ==}
    engines: {node: '>= 10'}
    cpu: [x64]
    os: [darwin]
    requiresBuild: true
    dev: true
    optional: true

  /@napi-rs/nice-freebsd-x64@1.1.1:
    resolution: {integrity: sha512-kHv4kEHAylMYmlNwcQcDtXjklYp4FCf0b05E+0h6nDHsZ+F0bDe04U/tXNOqrx5CmIAth4vwfkjjUmp4c4JktQ==}
    engines: {node: '>= 10'}
    cpu: [x64]
    os: [freebsd]
    requiresBuild: true
    dev: true
    optional: true

  /@napi-rs/nice-linux-arm-gnueabihf@1.1.1:
    resolution: {integrity: sha512-E1t7K0efyKXZDoZg1LzCOLxgolxV58HCkaEkEvIYQx12ht2pa8hoBo+4OB3qh7e+QiBlp1SRf+voWUZFxyhyqg==}
    engines: {node: '>= 10'}
    cpu: [arm]
    os: [linux]
    requiresBuild: true
    dev: true
    optional: true

  /@napi-rs/nice-linux-arm64-gnu@1.1.1:
    resolution: {integrity: sha512-CIKLA12DTIZlmTaaKhQP88R3Xao+gyJxNWEn04wZwC2wmRapNnxCUZkVwggInMJvtVElA+D4ZzOU5sX4jV+SmQ==}
    engines: {node: '>= 10'}
    cpu: [arm64]
    os: [linux]
    requiresBuild: true
    dev: true
    optional: true

  /@napi-rs/nice-linux-arm64-musl@1.1.1:
    resolution: {integrity: sha512-+2Rzdb3nTIYZ0YJF43qf2twhqOCkiSrHx2Pg6DJaCPYhhaxbLcdlV8hCRMHghQ+EtZQWGNcS2xF4KxBhSGeutg==}
    engines: {node: '>= 10'}
    cpu: [arm64]
    os: [linux]
    requiresBuild: true
    dev: true
    optional: true

  /@napi-rs/nice-linux-ppc64-gnu@1.1.1:
    resolution: {integrity: sha512-4FS8oc0GeHpwvv4tKciKkw3Y4jKsL7FRhaOeiPei0X9T4Jd619wHNe4xCLmN2EMgZoeGg+Q7GY7BsvwKpL22Tg==}
    engines: {node: '>= 10'}
    cpu: [ppc64]
    os: [linux]
    requiresBuild: true
    dev: true
    optional: true

  /@napi-rs/nice-linux-riscv64-gnu@1.1.1:
    resolution: {integrity: sha512-HU0nw9uD4FO/oGCCk409tCi5IzIZpH2agE6nN4fqpwVlCn5BOq0MS1dXGjXaG17JaAvrlpV5ZeyZwSon10XOXw==}
    engines: {node: '>= 10'}
    cpu: [riscv64]
    os: [linux]
    requiresBuild: true
    dev: true
    optional: true

  /@napi-rs/nice-linux-s390x-gnu@1.1.1:
    resolution: {integrity: sha512-2YqKJWWl24EwrX0DzCQgPLKQBxYDdBxOHot1KWEq7aY2uYeX+Uvtv4I8xFVVygJDgf6/92h9N3Y43WPx8+PAgQ==}
    engines: {node: '>= 10'}
    cpu: [s390x]
    os: [linux]
    requiresBuild: true
    dev: true
    optional: true

  /@napi-rs/nice-linux-x64-gnu@1.1.1:
    resolution: {integrity: sha512-/gaNz3R92t+dcrfCw/96pDopcmec7oCcAQ3l/M+Zxr82KT4DljD37CpgrnXV+pJC263JkW572pdbP3hP+KjcIg==}
    engines: {node: '>= 10'}
    cpu: [x64]
    os: [linux]
    requiresBuild: true
    dev: true
    optional: true

  /@napi-rs/nice-linux-x64-musl@1.1.1:
    resolution: {integrity: sha512-xScCGnyj/oppsNPMnevsBe3pvNaoK7FGvMjT35riz9YdhB2WtTG47ZlbxtOLpjeO9SqqQ2J2igCmz6IJOD5JYw==}
    engines: {node: '>= 10'}
    cpu: [x64]
    os: [linux]
    requiresBuild: true
    dev: true
    optional: true

  /@napi-rs/nice-openharmony-arm64@1.1.1:
    resolution: {integrity: sha512-6uJPRVwVCLDeoOaNyeiW0gp2kFIM4r7PL2MczdZQHkFi9gVlgm+Vn+V6nTWRcu856mJ2WjYJiumEajfSm7arPQ==}
    engines: {node: '>= 10'}
    cpu: [arm64]
    os: [openharmony]
    requiresBuild: true
    dev: true
    optional: true

  /@napi-rs/nice-win32-arm64-msvc@1.1.1:
    resolution: {integrity: sha512-uoTb4eAvM5B2aj/z8j+Nv8OttPf2m+HVx3UjA5jcFxASvNhQriyCQF1OB1lHL43ZhW+VwZlgvjmP5qF3+59atA==}
    engines: {node: '>= 10'}
    cpu: [arm64]
    os: [win32]
    requiresBuild: true
    dev: true
    optional: true

  /@napi-rs/nice-win32-ia32-msvc@1.1.1:
    resolution: {integrity: sha512-CNQqlQT9MwuCsg1Vd/oKXiuH+TcsSPJmlAFc5frFyX/KkOh0UpBLEj7aoY656d5UKZQMQFP7vJNa1DNUNORvug==}
    engines: {node: '>= 10'}
    cpu: [ia32]
    os: [win32]
    requiresBuild: true
    dev: true
    optional: true

  /@napi-rs/nice-win32-x64-msvc@1.1.1:
    resolution: {integrity: sha512-vB+4G/jBQCAh0jelMTY3+kgFy00Hlx2f2/1zjMoH821IbplbWZOkLiTYXQkygNTzQJTq5cvwBDgn2ppHD+bglQ==}
    engines: {node: '>= 10'}
    cpu: [x64]
    os: [win32]
    requiresBuild: true
    dev: true
    optional: true

  /@napi-rs/nice@1.1.1:
    resolution: {integrity: sha512-xJIPs+bYuc9ASBl+cvGsKbGrJmS6fAKaSZCnT0lhahT5rhA2VVy9/EcIgd2JhtEuFOJNx7UHNn/qiTPTY4nrQw==}
    engines: {node: '>= 10'}
    requiresBuild: true
    optionalDependencies:
      '@napi-rs/nice-android-arm-eabi': 1.1.1
      '@napi-rs/nice-android-arm64': 1.1.1
      '@napi-rs/nice-darwin-arm64': 1.1.1
      '@napi-rs/nice-darwin-x64': 1.1.1
      '@napi-rs/nice-freebsd-x64': 1.1.1
      '@napi-rs/nice-linux-arm-gnueabihf': 1.1.1
      '@napi-rs/nice-linux-arm64-gnu': 1.1.1
      '@napi-rs/nice-linux-arm64-musl': 1.1.1
      '@napi-rs/nice-linux-ppc64-gnu': 1.1.1
      '@napi-rs/nice-linux-riscv64-gnu': 1.1.1
      '@napi-rs/nice-linux-s390x-gnu': 1.1.1
      '@napi-rs/nice-linux-x64-gnu': 1.1.1
      '@napi-rs/nice-linux-x64-musl': 1.1.1
      '@napi-rs/nice-openharmony-arm64': 1.1.1
      '@napi-rs/nice-win32-arm64-msvc': 1.1.1
      '@napi-rs/nice-win32-ia32-msvc': 1.1.1
      '@napi-rs/nice-win32-x64-msvc': 1.1.1
    dev: true
    optional: true

  /@sindresorhus/is@5.6.0:
    resolution: {integrity: sha512-TV7t8GKYaJWsn00tFDqBw8+Uqmr8A0fRU1tvTQhyZzGv0sJCGRQL3JGMI3ucuKo3XIZdUP+Lx7/gh2t3lewy7g==}
    engines: {node: '>=14.16'}
    dev: true

  /@swc/cli@0.7.9(@swc/core@1.15.0):
    resolution: {integrity: sha512-AFQu3ZZ9IcdClTknxbug08S9ed/q8F3aYkO5NoZ+6IjQ5UEo1s2HN1GRKNvUslYx2EoVYxd+6xGcp6C7wwtxyQ==}
    engines: {node: '>= 16.14.0'}
    hasBin: true
    peerDependencies:
      '@swc/core': ^1.2.66
      chokidar: ^4.0.1
    peerDependenciesMeta:
      chokidar:
        optional: true
    dependencies:
      '@swc/core': 1.15.0
      '@swc/counter': 0.1.3
      '@xhmikosr/bin-wrapper': 13.2.0
      commander: 8.3.0
      minimatch: 9.0.5
      piscina: 4.9.2
      semver: 7.7.3
      slash: 3.0.0
      source-map: 0.7.6
      tinyglobby: 0.2.15
    transitivePeerDependencies:
      - bare-abort-controller
      - react-native-b4a
      - supports-color
    dev: true

  /@swc/core-darwin-arm64@1.15.0:
    resolution: {integrity: sha512-TBKWkbnShnEjlIbO4/gfsrIgAqHBVqgPWLbWmPdZ80bF393yJcLgkrb7bZEnJs6FCbSSuGwZv2rx1jDR2zo6YA==}
    engines: {node: '>=10'}
    cpu: [arm64]
    os: [darwin]
    requiresBuild: true
    dev: true
    optional: true

  /@swc/core-darwin-x64@1.15.0:
    resolution: {integrity: sha512-f5JKL1v1H56CIZc1pVn4RGPOfnWqPwmuHdpf4wesvXunF1Bx85YgcspW5YxwqG5J9g3nPU610UFuExJXVUzOiQ==}
    engines: {node: '>=10'}
    cpu: [x64]
    os: [darwin]
    requiresBuild: true
    dev: true
    optional: true

  /@swc/core-linux-arm-gnueabihf@1.15.0:
    resolution: {integrity: sha512-duK6nG+WyuunnfsfiTUQdzC9Fk8cyDLqT9zyXvY2i2YgDu5+BH5W6wM5O4mDNCU5MocyB/SuF5YDF7XySnowiQ==}
    engines: {node: '>=10'}
    cpu: [arm]
    os: [linux]
    requiresBuild: true
    dev: true
    optional: true

  /@swc/core-linux-arm64-gnu@1.15.0:
    resolution: {integrity: sha512-ITe9iDtTRXM98B91rvyPP6qDVbhUBnmA/j4UxrHlMQ0RlwpqTjfZYZkD0uclOxSZ6qIrOj/X5CaoJlDUuQ0+Cw==}
    engines: {node: '>=10'}
    cpu: [arm64]
    os: [linux]
    requiresBuild: true
    dev: true
    optional: true

  /@swc/core-linux-arm64-musl@1.15.0:
    resolution: {integrity: sha512-Q5ldc2bzriuzYEoAuqJ9Vr3FyZhakk5hiwDbniZ8tlEXpbjBhbOleGf9/gkhLaouDnkNUEazFW9mtqwUTRdh7Q==}
    engines: {node: '>=10'}
    cpu: [arm64]
    os: [linux]
    requiresBuild: true
    dev: true
    optional: true

  /@swc/core-linux-x64-gnu@1.15.0:
    resolution: {integrity: sha512-pY4is+jEpOxlYCSnI+7N8Oxbap9TmTz5YT84tUvRTlOlTBwFAUlWFCX0FRwWJlsfP0TxbqhIe8dNNzlsEmJbXQ==}
    engines: {node: '>=10'}
    cpu: [x64]
    os: [linux]
    requiresBuild: true
    dev: true
    optional: true

  /@swc/core-linux-x64-musl@1.15.0:
    resolution: {integrity: sha512-zYEt5eT8y8RUpoe7t5pjpoOdGu+/gSTExj8PV86efhj6ugB3bPlj3Y85ogdW3WMVXr4NvwqvzdaYGCZfXzSyVg==}
    engines: {node: '>=10'}
    cpu: [x64]
    os: [linux]
    requiresBuild: true
    dev: true
    optional: true

  /@swc/core-win32-arm64-msvc@1.15.0:
    resolution: {integrity: sha512-zC1rmOgFH5v2BCbByOazEqs0aRNpTdLRchDExfcCfgKgeaD+IdpUOqp7i3VG1YzkcnbuZjMlXfM0ugpt+CddoA==}
    engines: {node: '>=10'}
    cpu: [arm64]
    os: [win32]
    requiresBuild: true
    dev: true
    optional: true

  /@swc/core-win32-ia32-msvc@1.15.0:
    resolution: {integrity: sha512-7t9U9KwMwQblkdJIH+zX1V4q1o3o41i0HNO+VlnAHT5o+5qHJ963PHKJ/pX3P2UlZnBCY465orJuflAN4rAP9A==}
    engines: {node: '>=10'}
    cpu: [ia32]
    os: [win32]
    requiresBuild: true
    dev: true
    optional: true

  /@swc/core-win32-x64-msvc@1.15.0:
    resolution: {integrity: sha512-VE0Zod5vcs8iMLT64m5QS1DlTMXJFI/qSgtMDRx8rtZrnjt6/9NW8XUaiPJuRu8GluEO1hmHoyf1qlbY19gGSQ==}
    engines: {node: '>=10'}
    cpu: [x64]
    os: [win32]
    requiresBuild: true
    dev: true
    optional: true

  /@swc/core@1.15.0:
    resolution: {integrity: sha512-8SnJV+JV0rYbfSiEiUvYOmf62E7QwsEG+aZueqSlKoxFt0pw333+bgZSQXGUV6etXU88nxur0afVMaINujBMSw==}
    engines: {node: '>=10'}
    requiresBuild: true
    peerDependencies:
      '@swc/helpers': '>=0.5.17'
    peerDependenciesMeta:
      '@swc/helpers':
        optional: true
    dependencies:
      '@swc/counter': 0.1.3
      '@swc/types': 0.1.25
    optionalDependencies:
      '@swc/core-darwin-arm64': 1.15.0
      '@swc/core-darwin-x64': 1.15.0
      '@swc/core-linux-arm-gnueabihf': 1.15.0
      '@swc/core-linux-arm64-gnu': 1.15.0
      '@swc/core-linux-arm64-musl': 1.15.0
      '@swc/core-linux-x64-gnu': 1.15.0
      '@swc/core-linux-x64-musl': 1.15.0
      '@swc/core-win32-arm64-msvc': 1.15.0
      '@swc/core-win32-ia32-msvc': 1.15.0
      '@swc/core-win32-x64-msvc': 1.15.0
    dev: true

  /@swc/counter@0.1.3:
    resolution: {integrity: sha512-e2BR4lsJkkRlKZ/qCHPw9ZaSxc0MVUd7gtbtaB7aMvHeJVYe8sOB8DBZkP2DtISHGSku9sCK6T6cnY0CtXrOCQ==}
    dev: true

  /@swc/types@0.1.25:
    resolution: {integrity: sha512-iAoY/qRhNH8a/hBvm3zKj9qQ4oc2+3w1unPJa2XvTK3XjeLXtzcCingVPw/9e5mn1+0yPqxcBGp9Jf0pkfMb1g==}
    dependencies:
      '@swc/counter': 0.1.3
    dev: true

  /@szmarczak/http-timer@5.0.1:
    resolution: {integrity: sha512-+PmQX0PiAYPMeVYe237LJAYvOMYW1j2rH5YROyS3b4CTVJum34HfRvKvAzozHAQG0TnHNdUfY9nCeUyRAs//cw==}
    engines: {node: '>=14.16'}
    dependencies:
      defer-to-connect: 2.0.1
    dev: true

  /@tokenizer/inflate@0.2.7:
    resolution: {integrity: sha512-MADQgmZT1eKjp06jpI2yozxaU9uVs4GzzgSL+uEq7bVcJ9V1ZXQkeGNql1fsSI0gMy1vhvNTNbUqrx+pZfJVmg==}
    engines: {node: '>=18'}
    dependencies:
      debug: 4.4.3
      fflate: 0.8.2
      token-types: 6.1.1
    transitivePeerDependencies:
      - supports-color
    dev: true

  /@tokenizer/token@0.3.0:
    resolution: {integrity: sha512-OvjF+z51L3ov0OyAU0duzsYuvO01PH7x4t6DJx+guahgTnBHkhJdG7soQeTSFLWN3efnHyibZ4Z8l2EuWwJN3A==}
    dev: true

  /@types/http-cache-semantics@4.0.4:
    resolution: {integrity: sha512-1m0bIFVc7eJWyve9S0RnuRgcQqF/Xd5QsUZAZeQFr1Q3/p9JWoQQEqmVy+DPTNpGXwhgIetAoYF8JSc33q29QA==}
    dev: true

  /@types/node@24.10.0:
    resolution: {integrity: sha512-qzQZRBqkFsYyaSWXuEHc2WR9c0a0CXwiE5FWUvn7ZM+vdy1uZLfCunD38UzhuB7YN/J11ndbDBcTmOdxJo9Q7A==}
    dependencies:
      undici-types: 7.16.0
    dev: true

  /@xhmikosr/archive-type@7.1.0:
    resolution: {integrity: sha512-xZEpnGplg1sNPyEgFh0zbHxqlw5dtYg6viplmWSxUj12+QjU9SKu3U/2G73a15pEjLaOqTefNSZ1fOPUOT4Xgg==}
    engines: {node: '>=18'}
    dependencies:
      file-type: 20.5.0
    transitivePeerDependencies:
      - supports-color
    dev: true

  /@xhmikosr/bin-check@7.1.0:
    resolution: {integrity: sha512-y1O95J4mnl+6MpVmKfMYXec17hMEwE/yeCglFNdx+QvLLtP0yN4rSYcbkXnth+lElBuKKek2NbvOfOGPpUXCvw==}
    engines: {node: '>=18'}
    dependencies:
      execa: 5.1.1
      isexe: 2.0.0
    dev: true

  /@xhmikosr/bin-wrapper@13.2.0:
    resolution: {integrity: sha512-t9U9X0sDPRGDk5TGx4dv5xiOvniVJpXnfTuynVKwHgtib95NYEw4MkZdJqhoSiz820D9m0o6PCqOPMXz0N9fIw==}
    engines: {node: '>=18'}
    dependencies:
      '@xhmikosr/bin-check': 7.1.0
      '@xhmikosr/downloader': 15.2.0
      '@xhmikosr/os-filter-obj': 3.0.0
      bin-version-check: 5.1.0
    transitivePeerDependencies:
      - bare-abort-controller
      - react-native-b4a
      - supports-color
    dev: true

  /@xhmikosr/decompress-tar@8.1.0:
    resolution: {integrity: sha512-m0q8x6lwxenh1CrsTby0Jrjq4vzW/QU1OLhTHMQLEdHpmjR1lgahGz++seZI0bXF3XcZw3U3xHfqZSz+JPP2Gg==}
    engines: {node: '>=18'}
    dependencies:
      file-type: 20.5.0
      is-stream: 2.0.1
      tar-stream: 3.1.7
    transitivePeerDependencies:
      - bare-abort-controller
      - react-native-b4a
      - supports-color
    dev: true

  /@xhmikosr/decompress-tarbz2@8.1.0:
    resolution: {integrity: sha512-aCLfr3A/FWZnOu5eqnJfme1Z1aumai/WRw55pCvBP+hCGnTFrcpsuiaVN5zmWTR53a8umxncY2JuYsD42QQEbw==}
    engines: {node: '>=18'}
    dependencies:
      '@xhmikosr/decompress-tar': 8.1.0
      file-type: 20.5.0
      is-stream: 2.0.1
      seek-bzip: 2.0.0
      unbzip2-stream: 1.4.3
    transitivePeerDependencies:
      - bare-abort-controller
      - react-native-b4a
      - supports-color
    dev: true

  /@xhmikosr/decompress-targz@8.1.0:
    resolution: {integrity: sha512-fhClQ2wTmzxzdz2OhSQNo9ExefrAagw93qaG1YggoIz/QpI7atSRa7eOHv4JZkpHWs91XNn8Hry3CwUlBQhfPA==}
    engines: {node: '>=18'}
    dependencies:
      '@xhmikosr/decompress-tar': 8.1.0
      file-type: 20.5.0
      is-stream: 2.0.1
    transitivePeerDependencies:
      - bare-abort-controller
      - react-native-b4a
      - supports-color
    dev: true

  /@xhmikosr/decompress-unzip@7.1.0:
    resolution: {integrity: sha512-oqTYAcObqTlg8owulxFTqiaJkfv2SHsxxxz9Wg4krJAHVzGWlZsU8tAB30R6ow+aHrfv4Kub6WQ8u04NWVPUpA==}
    engines: {node: '>=18'}
    dependencies:
      file-type: 20.5.0
      get-stream: 6.0.1
      yauzl: 3.2.0
    transitivePeerDependencies:
      - supports-color
    dev: true

  /@xhmikosr/decompress@10.2.0:
    resolution: {integrity: sha512-MmDBvu0+GmADyQWHolcZuIWffgfnuTo4xpr2I/Qw5Ox0gt+e1Be7oYqJM4te5ylL6mzlcoicnHVDvP27zft8tg==}
    engines: {node: '>=18'}
    dependencies:
      '@xhmikosr/decompress-tar': 8.1.0
      '@xhmikosr/decompress-tarbz2': 8.1.0
      '@xhmikosr/decompress-targz': 8.1.0
      '@xhmikosr/decompress-unzip': 7.1.0
      graceful-fs: 4.2.11
      strip-dirs: 3.0.0
    transitivePeerDependencies:
      - bare-abort-controller
      - react-native-b4a
      - supports-color
    dev: true

  /@xhmikosr/downloader@15.2.0:
    resolution: {integrity: sha512-lAqbig3uRGTt0sHNIM4vUG9HoM+mRl8K28WuYxyXLCUT6pyzl4Y4i0LZ3jMEsCYZ6zjPZbO9XkG91OSTd4si7g==}
    engines: {node: '>=18'}
    dependencies:
      '@xhmikosr/archive-type': 7.1.0
      '@xhmikosr/decompress': 10.2.0
      content-disposition: 0.5.4
      defaults: 2.0.2
      ext-name: 5.0.0
      file-type: 20.5.0
      filenamify: 6.0.0
      get-stream: 6.0.1
      got: 13.0.0
    transitivePeerDependencies:
      - bare-abort-controller
      - react-native-b4a
      - supports-color
    dev: true

  /@xhmikosr/os-filter-obj@3.0.0:
    resolution: {integrity: sha512-siPY6BD5dQ2SZPl3I0OZBHL27ZqZvLEosObsZRQ1NUB8qcxegwt0T9eKtV96JMFQpIz1elhkzqOg4c/Ri6Dp9A==}
    engines: {node: ^14.14.0 || >=16.0.0}
    dependencies:
      arch: 3.0.0
    dev: true

  /arch@3.0.0:
    resolution: {integrity: sha512-AmIAC+Wtm2AU8lGfTtHsw0Y9Qtftx2YXEEtiBP10xFUtMOA+sHHx6OAddyL52mUKh1vsXQ6/w1mVDptZCyUt4Q==}
    dev: true

  /b4a@1.7.3:
    resolution: {integrity: sha512-5Q2mfq2WfGuFp3uS//0s6baOJLMoVduPYVeNmDYxu5OUA1/cBfvr2RIS7vi62LdNj/urk1hfmj867I3qt6uZ7Q==}
    peerDependencies:
      react-native-b4a: '*'
    peerDependenciesMeta:
      react-native-b4a:
        optional: true
    dev: true

  /balanced-match@1.0.2:
    resolution: {integrity: sha512-3oSeUO0TMV67hN1AmbXsK4yaqU7tjiHlbxRDZOpH0KW9+CeX4bRAaX0Anxt0tx2MrpRpWwQaPwIlISEJhYU5Pw==}
    dev: true

  /bare-events@2.8.2:
    resolution: {integrity: sha512-riJjyv1/mHLIPX4RwiK+oW9/4c3TEUeORHKefKAKnZ5kyslbN+HXowtbaVEqt4IMUB7OXlfixcs6gsFeo/jhiQ==}
    peerDependencies:
      bare-abort-controller: '*'
    peerDependenciesMeta:
      bare-abort-controller:
        optional: true
    dev: true

  /base64-js@1.5.1:
    resolution: {integrity: sha512-AKpaYlHn8t4SVbOHCy+b5+KKgvR4vrsD8vbvrbiQJps7fKDTkjkDry6ji0rUJjC0kzbNePLwzxq8iypo41qeWA==}
    dev: true

  /bin-version-check@5.1.0:
    resolution: {integrity: sha512-bYsvMqJ8yNGILLz1KP9zKLzQ6YpljV3ln1gqhuLkUtyfGi3qXKGuK2p+U4NAvjVFzDFiBBtOpCOSFNuYYEGZ5g==}
    engines: {node: '>=12'}
    dependencies:
      bin-version: 6.0.0
      semver: 7.7.3
      semver-truncate: 3.0.0
    dev: true

  /bin-version@6.0.0:
    resolution: {integrity: sha512-nk5wEsP4RiKjG+vF+uG8lFsEn4d7Y6FVDamzzftSunXOoOcOOkzcWdKVlGgFFwlUQCj63SgnUkLLGF8v7lufhw==}
    engines: {node: '>=12'}
    dependencies:
      execa: 5.1.1
      find-versions: 5.1.0
    dev: true

  /brace-expansion@2.0.2:
    resolution: {integrity: sha512-Jt0vHyM+jmUBqojB7E1NIYadt0vI0Qxjxd2TErW94wDz+E2LAm5vKMXXwg6ZZBTHPuUlDgQHKXvjGBdfcF1ZDQ==}
    dependencies:
      balanced-match: 1.0.2
    dev: true

  /buffer-crc32@0.2.13:
    resolution: {integrity: sha512-VO9Ht/+p3SN7SKWqcrgEzjGbRSJYTx+Q1pTQC0wrWqHx0vpJraQ6GtHx8tvcg1rlK1byhU5gccxgOgj7B0TDkQ==}
    dev: true

  /buffer@5.7.1:
    resolution: {integrity: sha512-EHcyIPBQ4BSGlvjB16k5KgAJ27CIsHY/2JBmCRReo48y9rQ3MaUzWX3KVlBa4U7MyX02HdVj0K7C3WaB3ju7FQ==}
    dependencies:
      base64-js: 1.5.1
      ieee754: 1.2.1
    dev: true

  /cacheable-lookup@7.0.0:
    resolution: {integrity: sha512-+qJyx4xiKra8mZrcwhjMRMUhD5NR1R8esPkzIYxX96JiecFoxAXFuz/GpR3+ev4PE1WamHip78wV0vcmPQtp8w==}
    engines: {node: '>=14.16'}
    dev: true

  /cacheable-request@10.2.14:
    resolution: {integrity: sha512-zkDT5WAF4hSSoUgyfg5tFIxz8XQK+25W/TLVojJTMKBaxevLBBtLxgqguAuVQB8PVW79FVjHcU+GJ9tVbDZ9mQ==}
    engines: {node: '>=14.16'}
    dependencies:
      '@types/http-cache-semantics': 4.0.4
      get-stream: 6.0.1
      http-cache-semantics: 4.2.0
      keyv: 4.5.4
      mimic-response: 4.0.0
      normalize-url: 8.1.0
      responselike: 3.0.0
    dev: true

  /cmplr@1.3.0:
    resolution: {integrity: sha512-Eter4tnIqbjGW8Sm7vCrE8GQv6pOLqFZGXszjb6JT9leodOkraLavmnatZ54n/PbzLh5IUU0Q1nSLLO+HQ1xDA==}
    engines: {node: '>=16'}
    hasBin: true
    dependencies:
      '@bredele/package-install': 1.0.2
      '@swc/cli': 0.7.9(@swc/core@1.15.0)
      '@swc/core': 1.15.0
      tsconfig-swc: 1.0.0
      typescript: 5.9.3
    transitivePeerDependencies:
      - '@swc/helpers'
      - bare-abort-controller
      - chokidar
      - react-native-b4a
      - supports-color
    dev: true

  /commander@6.2.1:
    resolution: {integrity: sha512-U7VdrJFnJgo4xjrHpTzu0yrHPGImdsmD95ZlgYSEajAn2JKzDhDTPG9kBTefmObL2w/ngeZnilk+OV9CG3d7UA==}
    engines: {node: '>= 6'}
    dev: true

  /commander@8.3.0:
    resolution: {integrity: sha512-OkTL9umf+He2DZkUq8f8J9of7yL6RJKI24dVITBmNfZBmri9zYZQrKkuXiKhyfPSu8tUhnVBB1iKXevvnlR4Ww==}
    engines: {node: '>= 12'}
    dev: true

  /content-disposition@0.5.4:
    resolution: {integrity: sha512-FveZTNuGw04cxlAiWbzi6zTAL/lhehaWbTtgluJh4/E95DqMwTmha3KZN1aAWA8cFIhHzMZUvLevkw5Rqk+tSQ==}
    engines: {node: '>= 0.6'}
    dependencies:
      safe-buffer: 5.2.1
    dev: true

  /cross-spawn@7.0.6:
    resolution: {integrity: sha512-uV2QOWP2nWzsy2aMp8aRibhi9dlzF5Hgh5SHaB9OiTGEyDTiJJyx0uy51QXdyWbtAHNua4XJzUKca3OzKUd3vA==}
    engines: {node: '>= 8'}
    dependencies:
      path-key: 3.1.1
      shebang-command: 2.0.0
      which: 2.0.2
    dev: true

  /debug@4.4.3:
    resolution: {integrity: sha512-RGwwWnwQvkVfavKVt22FGLw+xYSdzARwm0ru6DhTVA3umU5hZc28V3kO4stgYryrTlLpuvgI9GiijltAjNbcqA==}
    engines: {node: '>=6.0'}
    peerDependencies:
      supports-color: '*'
    peerDependenciesMeta:
      supports-color:
        optional: true
    dependencies:
      ms: 2.1.3
    dev: true

  /decompress-response@6.0.0:
    resolution: {integrity: sha512-aW35yZM6Bb/4oJlZncMH2LCoZtJXTRxES17vE3hoRiowU2kWHaJKFkSBDnDR+cm9J+9QhXmREyIfv0pji9ejCQ==}
    engines: {node: '>=10'}
    dependencies:
      mimic-response: 3.1.0
    dev: true

  /defaults@2.0.2:
    resolution: {integrity: sha512-cuIw0PImdp76AOfgkjbW4VhQODRmNNcKR73vdCH5cLd/ifj7aamfoXvYgfGkEAjNJZ3ozMIy9Gu2LutUkGEPbA==}
    engines: {node: '>=16'}
    dev: true

  /defer-to-connect@2.0.1:
    resolution: {integrity: sha512-4tvttepXG1VaYGrRibk5EwJd1t4udunSOVMdLSAL6mId1ix438oPwPZMALY41FCijukO1L0twNcGsdzS7dHgDg==}
    engines: {node: '>=10'}
    dev: true

  /events-universal@1.0.1:
    resolution: {integrity: sha512-LUd5euvbMLpwOF8m6ivPCbhQeSiYVNb8Vs0fQ8QjXo0JTkEHpz8pxdQf0gStltaPpw0Cca8b39KxvK9cfKRiAw==}
    dependencies:
      bare-events: 2.8.2
    transitivePeerDependencies:
      - bare-abort-controller
    dev: true

  /execa@5.1.1:
    resolution: {integrity: sha512-8uSpZZocAZRBAPIEINJj3Lo9HyGitllczc27Eh5YYojjMFMn8yHMDMaUHE2Jqfq05D/wucwI4JGURyXt1vchyg==}
    engines: {node: '>=10'}
    dependencies:
      cross-spawn: 7.0.6
      get-stream: 6.0.1
      human-signals: 2.1.0
      is-stream: 2.0.1
      merge-stream: 2.0.0
      npm-run-path: 4.0.1
      onetime: 5.1.2
      signal-exit: 3.0.7
      strip-final-newline: 2.0.0
    dev: true

  /ext-list@2.2.2:
    resolution: {integrity: sha512-u+SQgsubraE6zItfVA0tBuCBhfU9ogSRnsvygI7wht9TS510oLkBRXBsqopeUG/GBOIQyKZO9wjTqIu/sf5zFA==}
    engines: {node: '>=0.10.0'}
    dependencies:
      mime-db: 1.54.0
    dev: true

  /ext-name@5.0.0:
    resolution: {integrity: sha512-yblEwXAbGv1VQDmow7s38W77hzAgJAO50ztBLMcUyUBfxv1HC+LGwtiEN+Co6LtlqT/5uwVOxsD4TNIilWhwdQ==}
    engines: {node: '>=4'}
    dependencies:
      ext-list: 2.2.2
      sort-keys-length: 1.0.1
    dev: true

  /fast-fifo@1.3.2:
    resolution: {integrity: sha512-/d9sfos4yxzpwkDkuN7k2SqFKtYNmCTzgfEpz82x34IM9/zc8KGxQoXg1liNC/izpRM/MBdt44Nmx41ZWqk+FQ==}
    dev: true

  /fdir@6.5.0(picomatch@4.0.3):
    resolution: {integrity: sha512-tIbYtZbucOs0BRGqPJkshJUYdL+SDH7dVM8gjy+ERp3WAUjLEFJE+02kanyHtwjWOnwrKYBiwAmM0p4kLJAnXg==}
    engines: {node: '>=12.0.0'}
    peerDependencies:
      picomatch: ^3 || ^4
    peerDependenciesMeta:
      picomatch:
        optional: true
    dependencies:
      picomatch: 4.0.3
    dev: true

  /fflate@0.8.2:
    resolution: {integrity: sha512-cPJU47OaAoCbg0pBvzsgpTPhmhqI5eJjh/JIu8tPj5q+T7iLvW/JAYUqmE7KOB4R1ZyEhzBaIQpQpardBF5z8A==}
    dev: true

  /file-type@20.5.0:
    resolution: {integrity: sha512-BfHZtG/l9iMm4Ecianu7P8HRD2tBHLtjXinm4X62XBOYzi7CYA7jyqfJzOvXHqzVrVPYqBo2/GvbARMaaJkKVg==}
    engines: {node: '>=18'}
    dependencies:
      '@tokenizer/inflate': 0.2.7
      strtok3: 10.3.4
      token-types: 6.1.1
      uint8array-extras: 1.5.0
    transitivePeerDependencies:
      - supports-color
    dev: true

  /filename-reserved-regex@3.0.0:
    resolution: {integrity: sha512-hn4cQfU6GOT/7cFHXBqeBg2TbrMBgdD0kcjLhvSQYYwm3s4B6cjvBfb7nBALJLAXqmU5xajSa7X2NnUud/VCdw==}
    engines: {node: ^12.20.0 || ^14.13.1 || >=16.0.0}
    dev: true

  /filenamify@6.0.0:
    resolution: {integrity: sha512-vqIlNogKeyD3yzrm0yhRMQg8hOVwYcYRfjEoODd49iCprMn4HL85gK3HcykQE53EPIpX3HcAbGA5ELQv216dAQ==}
    engines: {node: '>=16'}
    dependencies:
      filename-reserved-regex: 3.0.0
    dev: true

  /find-versions@5.1.0:
    resolution: {integrity: sha512-+iwzCJ7C5v5KgcBuueqVoNiHVoQpwiUK5XFLjf0affFTep+Wcw93tPvmb8tqujDNmzhBDPddnWV/qgWSXgq+Hg==}
    engines: {node: '>=12'}
    dependencies:
      semver-regex: 4.0.5
    dev: true

  /form-data-encoder@2.1.4:
    resolution: {integrity: sha512-yDYSgNMraqvnxiEXO4hi88+YZxaHC6QKzb5N84iRCTDeRO7ZALpir/lVmf/uXUhnwUr2O4HU8s/n6x+yNjQkHw==}
    engines: {node: '>= 14.17'}
    dev: true

  /get-stream@6.0.1:
    resolution: {integrity: sha512-ts6Wi+2j3jQjqi70w5AlN8DFnkSwC+MqmxEzdEALB2qXZYV3X/b1CTfgPLGJNMeAWxdPfU8FO1ms3NUfaHCPYg==}
    engines: {node: '>=10'}
    dev: true

  /got@13.0.0:
    resolution: {integrity: sha512-XfBk1CxOOScDcMr9O1yKkNaQyy865NbYs+F7dr4H0LZMVgCj2Le59k6PqbNHoL5ToeaEQUYh6c6yMfVcc6SJxA==}
    engines: {node: '>=16'}
    dependencies:
      '@sindresorhus/is': 5.6.0
      '@szmarczak/http-timer': 5.0.1
      cacheable-lookup: 7.0.0
      cacheable-request: 10.2.14
      decompress-response: 6.0.0
      form-data-encoder: 2.1.4
      get-stream: 6.0.1
      http2-wrapper: 2.2.1
      lowercase-keys: 3.0.0
      p-cancelable: 3.0.0
      responselike: 3.0.0
    dev: true

  /graceful-fs@4.2.11:
    resolution: {integrity: sha512-RbJ5/jmFcNNCcDV5o9eTnBLJ/HszWV0P73bc+Ff4nS/rJj+YaS6IGyiOL0VoBYX+l1Wrl3k63h/KrH+nhJ0XvQ==}
    dev: true

  /http-cache-semantics@4.2.0:
    resolution: {integrity: sha512-dTxcvPXqPvXBQpq5dUr6mEMJX4oIEFv6bwom3FDwKRDsuIjjJGANqhBuoAn9c1RQJIdAKav33ED65E2ys+87QQ==}
    dev: true

  /http2-wrapper@2.2.1:
    resolution: {integrity: sha512-V5nVw1PAOgfI3Lmeaj2Exmeg7fenjhRUgz1lPSezy1CuhPYbgQtbQj4jZfEAEMlaL+vupsvhjqCyjzob0yxsmQ==}
    engines: {node: '>=10.19.0'}
    dependencies:
      quick-lru: 5.1.1
      resolve-alpn: 1.2.1
    dev: true

  /human-signals@2.1.0:
    resolution: {integrity: sha512-B4FFZ6q/T2jhhksgkbEW3HBvWIfDW85snkQgawt07S7J5QXTk6BkNV+0yAeZrM5QpMAdYlocGoljn0sJ/WQkFw==}
    engines: {node: '>=10.17.0'}
    dev: true

  /ieee754@1.2.1:
    resolution: {integrity: sha512-dcyqhDvX1C46lXZcVqCpK+FtMRQVdIMN6/Df5js2zouUsqG7I6sFxitIC+7KYK29KdXOLHdu9zL4sFnoVQnqaA==}
    dev: true

  /inspect-with-kind@1.0.5:
    resolution: {integrity: sha512-MAQUJuIo7Xqk8EVNP+6d3CKq9c80hi4tjIbIAT6lmGW9W6WzlHiu9PS8uSuUYU+Do+j1baiFp3H25XEVxDIG2g==}
    dependencies:
      kind-of: 6.0.3
    dev: true

  /is-plain-obj@1.1.0:
    resolution: {integrity: sha512-yvkRyxmFKEOQ4pNXCmJG5AEQNlXJS5LaONXo5/cLdTZdWvsZ1ioJEonLGAosKlMWE8lwUy/bJzMjcw8az73+Fg==}
    engines: {node: '>=0.10.0'}
    dev: true

  /is-stream@2.0.1:
    resolution: {integrity: sha512-hFoiJiTl63nn+kstHGBtewWSKnQLpyb155KHheA1l39uvtO9nWIop1p3udqPcUd/xbF1VLMO4n7OI6p7RbngDg==}
    engines: {node: '>=8'}
    dev: true

  /isexe@2.0.0:
    resolution: {integrity: sha512-RHxMLp9lnKHGHRng9QFhRCMbYAcVpn69smSGcq3f36xjgVVWThj4qqLbTLlq7Ssj8B+fIQ1EuCEGI2lKsyQeIw==}
    dev: true

  /json-buffer@3.0.1:
    resolution: {integrity: sha512-4bV5BfR2mqfQTJm+V5tPPdf+ZpuhiIvTuAB5g8kcrXOZpTT/QwwVRWBywX1ozr6lEuPdbHxwaJlm9G6mI2sfSQ==}
    dev: true

  /keyv@4.5.4:
    resolution: {integrity: sha512-oxVHkHR/EJf2CNXnWxRLW6mg7JyCCUcG0DtEGmL2ctUo1PNTin1PUil+r/+4r5MpVgC/fn1kjsx7mjSujKqIpw==}
    dependencies:
      json-buffer: 3.0.1
    dev: true

  /kind-of@6.0.3:
    resolution: {integrity: sha512-dcS1ul+9tmeD95T+x28/ehLgd9mENa3LsvDTtzm3vyBEO7RPptvAD+t44WVXaUjTBRcrpFeFlC8WCruUR456hw==}
    engines: {node: '>=0.10.0'}
    dev: true

  /lowercase-keys@3.0.0:
    resolution: {integrity: sha512-ozCC6gdQ+glXOQsveKD0YsDy8DSQFjDTz4zyzEHNV5+JP5D62LmfDZ6o1cycFx9ouG940M5dE8C8CTewdj2YWQ==}
    engines: {node: ^12.20.0 || ^14.13.1 || >=16.0.0}
    dev: true

  /merge-stream@2.0.0:
    resolution: {integrity: sha512-abv/qOcuPfk3URPfDzmZU1LKmuw8kT+0nIHvKrKgFrwifol/doWcdA4ZqsWQ8ENrFKkd67Mfpo/LovbIUsbt3w==}
    dev: true

  /mime-db@1.54.0:
    resolution: {integrity: sha512-aU5EJuIN2WDemCcAp2vFBfp/m4EAhWJnUNSSw0ixs7/kXbd6Pg64EmwJkNdFhB8aWt1sH2CTXrLxo/iAGV3oPQ==}
    engines: {node: '>= 0.6'}
    dev: true

  /mimic-fn@2.1.0:
    resolution: {integrity: sha512-OqbOk5oEQeAZ8WXWydlu9HJjz9WVdEIvamMCcXmuqUYjTknH/sqsWvhQ3vgwKFRR1HpjvNBKQ37nbJgYzGqGcg==}
    engines: {node: '>=6'}
    dev: true

  /mimic-response@3.1.0:
    resolution: {integrity: sha512-z0yWI+4FDrrweS8Zmt4Ej5HdJmky15+L2e6Wgn3+iK5fWzb6T3fhNFq2+MeTRb064c6Wr4N/wv0DzQTjNzHNGQ==}
    engines: {node: '>=10'}
    dev: true

  /mimic-response@4.0.0:
    resolution: {integrity: sha512-e5ISH9xMYU0DzrT+jl8q2ze9D6eWBto+I8CNpe+VI+K2J/F/k3PdkdTdz4wvGVH4NTpo+NRYTVIuMQEMMcsLqg==}
    engines: {node: ^12.20.0 || ^14.13.1 || >=16.0.0}
    dev: true

  /minimatch@9.0.5:
    resolution: {integrity: sha512-G6T0ZX48xgozx7587koeX9Ys2NYy6Gmv//P89sEte9V9whIapMNF4idKxnW2QtCcLiTWlb/wfCabAtAFWhhBow==}
    engines: {node: '>=16 || 14 >=14.17'}
    dependencies:
      brace-expansion: 2.0.2
    dev: true

  /ms@2.1.3:
    resolution: {integrity: sha512-6FlzubTLZG3J2a/NVCAleEhjzq5oxgHyaCU9yYXvcLsvoVaHJq/s5xXI6/XXP6tz7R9xAOtHnSO/tXtF3WRTlA==}
    dev: true

  /normalize-url@8.1.0:
    resolution: {integrity: sha512-X06Mfd/5aKsRHc0O0J5CUedwnPmnDtLF2+nq+KN9KSDlJHkPuh0JUviWjEWMe0SW/9TDdSLVPuk7L5gGTIA1/w==}
    engines: {node: '>=14.16'}
    dev: true

  /npm-run-path@4.0.1:
    resolution: {integrity: sha512-S48WzZW777zhNIrn7gxOlISNAqi9ZC/uQFnRdbeIHhZhCA6UqpkOT8T1G7BvfdgP4Er8gF4sUbaS0i7QvIfCWw==}
    engines: {node: '>=8'}
    dependencies:
      path-key: 3.1.1
    dev: true

  /onetime@5.1.2:
    resolution: {integrity: sha512-kbpaSSGJTWdAY5KPVeMOKXSrPtr8C8C7wodJbcsd51jRnmD+GZu8Y0VoU6Dm5Z4vWr0Ig/1NKuWRKf7j5aaYSg==}
    engines: {node: '>=6'}
    dependencies:
      mimic-fn: 2.1.0
    dev: true

  /p-cancelable@3.0.0:
    resolution: {integrity: sha512-mlVgR3PGuzlo0MmTdk4cXqXWlwQDLnONTAg6sm62XkMJEiRxN3GL3SffkYvqwonbkJBcrI7Uvv5Zh9yjvn2iUw==}
    engines: {node: '>=12.20'}
    dev: true

  /path-key@3.1.1:
    resolution: {integrity: sha512-ojmeN0qd+y0jszEtoY48r0Peq5dwMEkIlCOu6Q5f41lfkswXuKtYrhgoTpLnyIcHm24Uhqx+5Tqm2InSwLhE6Q==}
    engines: {node: '>=8'}
    dev: true

  /pend@1.2.0:
    resolution: {integrity: sha512-F3asv42UuXchdzt+xXqfW1OGlVBe+mxa2mqI0pg5yAHZPvFmY3Y6drSf/GQ1A86WgWEN9Kzh/WrgKa6iGcHXLg==}
    dev: true

  /picomatch@4.0.3:
    resolution: {integrity: sha512-5gTmgEY/sqK6gFXLIsQNH19lWb4ebPDLA4SdLP7dsWkIXHWlG66oPuVvXSGFPppYZz8ZDZq0dYYrbHfBCVUb1Q==}
    engines: {node: '>=12'}
    dev: true

  /piscina@4.9.2:
    resolution: {integrity: sha512-Fq0FERJWFEUpB4eSY59wSNwXD4RYqR+nR/WiEVcZW8IWfVBxJJafcgTEZDQo8k3w0sUarJ8RyVbbUF4GQ2LGbQ==}
    optionalDependencies:
      '@napi-rs/nice': 1.1.1
    dev: true

  /quick-lru@5.1.1:
    resolution: {integrity: sha512-WuyALRjWPDGtt/wzJiadO5AXY+8hZ80hVpe6MyivgraREW751X3SbhRvG3eLKOYN+8VEvqLcf3wdnt44Z4S4SA==}
    engines: {node: '>=10'}
    dev: true

  /resolve-alpn@1.2.1:
    resolution: {integrity: sha512-0a1F4l73/ZFZOakJnQ3FvkJ2+gSTQWz/r2KE5OdDY0TxPm5h4GkqkWWfM47T7HsbnOtcJVEF4epCVy6u7Q3K+g==}
    dev: true

  /responselike@3.0.0:
    resolution: {integrity: sha512-40yHxbNcl2+rzXvZuVkrYohathsSJlMTXKryG5y8uciHv1+xDLHQpgjG64JUO9nrEq2jGLH6IZ8BcZyw3wrweg==}
    engines: {node: '>=14.16'}
    dependencies:
      lowercase-keys: 3.0.0
    dev: true

  /safe-buffer@5.2.1:
    resolution: {integrity: sha512-rp3So07KcdmmKbGvgaNxQSJr7bGVSVk5S9Eq1F+ppbRo70+YeaDxkw5Dd8NPN+GD6bjnYm2VuPuCXmpuYvmCXQ==}
    dev: true

  /seek-bzip@2.0.0:
    resolution: {integrity: sha512-SMguiTnYrhpLdk3PwfzHeotrcwi8bNV4iemL9tx9poR/yeaMYwB9VzR1w7b57DuWpuqR8n6oZboi0hj3AxZxQg==}
    hasBin: true
    dependencies:
      commander: 6.2.1
    dev: true

  /semver-regex@4.0.5:
    resolution: {integrity: sha512-hunMQrEy1T6Jr2uEVjrAIqjwWcQTgOAcIM52C8MY1EZSD3DDNft04XzvYKPqjED65bNVVko0YI38nYeEHCX3yw==}
    engines: {node: '>=12'}
    dev: true

  /semver-truncate@3.0.0:
    resolution: {integrity: sha512-LJWA9kSvMolR51oDE6PN3kALBNaUdkxzAGcexw8gjMA8xr5zUqK0JiR3CgARSqanYF3Z1YHvsErb1KDgh+v7Rg==}
    engines: {node: '>=12'}
    dependencies:
      semver: 7.7.3
    dev: true

  /semver@7.7.3:
    resolution: {integrity: sha512-SdsKMrI9TdgjdweUSR9MweHA4EJ8YxHn8DFaDisvhVlUOe4BF1tLD7GAj0lIqWVl+dPb/rExr0Btby5loQm20Q==}
    engines: {node: '>=10'}
    hasBin: true
    dev: true

  /shebang-command@2.0.0:
    resolution: {integrity: sha512-kHxr2zZpYtdmrN1qDjrrX/Z1rR1kG8Dx+gkpK1G4eXmvXswmcE1hTWBWYUzlraYw1/yZp6YuDY77YtvbN0dmDA==}
    engines: {node: '>=8'}
    dependencies:
      shebang-regex: 3.0.0
    dev: true

  /shebang-regex@3.0.0:
    resolution: {integrity: sha512-7++dFhtcx3353uBaq8DDR4NuxBetBzC7ZQOhmTQInHEd6bSrXdiEyzCvG07Z44UYdLShWUyXt5M/yhz8ekcb1A==}
    engines: {node: '>=8'}
    dev: true

  /signal-exit@3.0.7:
    resolution: {integrity: sha512-wnD2ZE+l+SPC/uoS0vXeE9L1+0wuaMqKlfz9AMUo38JsyLSBWSFcHR1Rri62LZc12vLr1gb3jl7iwQhgwpAbGQ==}
    dev: true

  /slash@3.0.0:
    resolution: {integrity: sha512-g9Q1haeby36OSStwb4ntCGGGaKsaVSjQ68fBxoQcutl5fS1vuY18H3wSt3jFyFtrkx+Kz0V1G85A4MyAdDMi2Q==}
    engines: {node: '>=8'}
    dev: true

  /sort-keys-length@1.0.1:
    resolution: {integrity: sha512-GRbEOUqCxemTAk/b32F2xa8wDTs+Z1QHOkbhJDQTvv/6G3ZkbJ+frYWsTcc7cBB3Fu4wy4XlLCuNtJuMn7Gsvw==}
    engines: {node: '>=0.10.0'}
    dependencies:
      sort-keys: 1.1.2
    dev: true

  /sort-keys@1.1.2:
    resolution: {integrity: sha512-vzn8aSqKgytVik0iwdBEi+zevbTYZogewTUM6dtpmGwEcdzbub/TX4bCzRhebDCRC3QzXgJsLRKB2V/Oof7HXg==}
    engines: {node: '>=0.10.0'}
    dependencies:
      is-plain-obj: 1.1.0
    dev: true

  /source-map@0.7.6:
    resolution: {integrity: sha512-i5uvt8C3ikiWeNZSVZNWcfZPItFQOsYTUAOkcUPGd8DqDy1uOUikjt5dG+uRlwyvR108Fb9DOd4GvXfT0N2/uQ==}
    engines: {node: '>= 12'}
    dev: true

  /streamx@2.23.0:
    resolution: {integrity: sha512-kn+e44esVfn2Fa/O0CPFcex27fjIL6MkVae0Mm6q+E6f0hWv578YCERbv+4m02cjxvDsPKLnmxral/rR6lBMAg==}
    dependencies:
      events-universal: 1.0.1
      fast-fifo: 1.3.2
      text-decoder: 1.2.3
    transitivePeerDependencies:
      - bare-abort-controller
      - react-native-b4a
    dev: true

  /strip-dirs@3.0.0:
    resolution: {integrity: sha512-I0sdgcFTfKQlUPZyAqPJmSG3HLO9rWDFnxonnIbskYNM3DwFOeTNB5KzVq3dA1GdRAc/25b5Y7UO2TQfKWw4aQ==}
    dependencies:
      inspect-with-kind: 1.0.5
      is-plain-obj: 1.1.0
    dev: true

  /strip-final-newline@2.0.0:
    resolution: {integrity: sha512-BrpvfNAE3dcvq7ll3xVumzjKjZQ5tI1sEUIKr3Uoks0XUl45St3FlatVqef9prk4jRDzhW6WZg+3bk93y6pLjA==}
    engines: {node: '>=6'}
    dev: true

  /strtok3@10.3.4:
    resolution: {integrity: sha512-KIy5nylvC5le1OdaaoCJ07L+8iQzJHGH6pWDuzS+d07Cu7n1MZ2x26P8ZKIWfbK02+XIL8Mp4RkWeqdUCrDMfg==}
    engines: {node: '>=18'}
    dependencies:
      '@tokenizer/token': 0.3.0
    dev: true

  /tar-stream@3.1.7:
    resolution: {integrity: sha512-qJj60CXt7IU1Ffyc3NJMjh6EkuCFej46zUqJ4J7pqYlThyd9bO0XBTmcOIhSzZJVWfsLks0+nle/j538YAW9RQ==}
    dependencies:
      b4a: 1.7.3
      fast-fifo: 1.3.2
      streamx: 2.23.0
    transitivePeerDependencies:
      - bare-abort-controller
      - react-native-b4a
    dev: true

  /text-decoder@1.2.3:
    resolution: {integrity: sha512-3/o9z3X0X0fTupwsYvR03pJ/DjWuqqrfwBgTQzdWDiQSm9KitAyz/9WqsT2JQW7KV2m+bC2ol/zqpW37NHxLaA==}
    dependencies:
      b4a: 1.7.3
    transitivePeerDependencies:
      - react-native-b4a
    dev: true

  /through@2.3.8:
    resolution: {integrity: sha512-w89qg7PI8wAdvX60bMDP+bFoD5Dvhm9oLheFp5O4a2QF0cSBGsBX4qZmadPMvVqlLJBBci+WqGGOAPvcDeNSVg==}
    dev: true

  /tinyglobby@0.2.15:
    resolution: {integrity: sha512-j2Zq4NyQYG5XMST4cbs02Ak8iJUdxRM0XI5QyxXuZOzKOINmWurp3smXu3y5wDcJrptwpSjgXHzIQxR0omXljQ==}
    engines: {node: '>=12.0.0'}
    dependencies:
      fdir: 6.5.0(picomatch@4.0.3)
      picomatch: 4.0.3
    dev: true

  /token-types@6.1.1:
    resolution: {integrity: sha512-kh9LVIWH5CnL63Ipf0jhlBIy0UsrMj/NJDfpsy1SqOXlLKEVyXXYrnFxFT1yOOYVGBSApeVnjPw/sBz5BfEjAQ==}
    engines: {node: '>=14.16'}
    dependencies:
      '@borewit/text-codec': 0.1.1
      '@tokenizer/token': 0.3.0
      ieee754: 1.2.1
    dev: true

  /tsconfig-swc@1.0.0:
    resolution: {integrity: sha512-OFE+ywLugyEvUAi84vEk0Ch5Ld9wCg4R07H4lw58sQFHJH9IrfOG/en2oZOc3WO9mIu6HjjjM9GAFE0qb7nSwg==}
    dev: true

  /typescript@5.9.3:
    resolution: {integrity: sha512-jl1vZzPDinLr9eUt3J/t7V6FgNEw9QjvBPdysz9KfQDD41fQrC2Y4vKQdiaUpFT4bXlb1RHhLpp8wtm6M5TgSw==}
    engines: {node: '>=14.17'}
    hasBin: true
    dev: true

  /uint8array-extras@1.5.0:
    resolution: {integrity: sha512-rvKSBiC5zqCCiDZ9kAOszZcDvdAHwwIKJG33Ykj43OKcWsnmcBRL09YTU4nOeHZ8Y2a7l1MgTd08SBe9A8Qj6A==}
    engines: {node: '>=18'}
    dev: true

  /unbzip2-stream@1.4.3:
    resolution: {integrity: sha512-mlExGW4w71ebDJviH16lQLtZS32VKqsSfk80GCfUlwT/4/hNRFsoscrF/c++9xinkMzECL1uL9DDwXqFWkruPg==}
    dependencies:
      buffer: 5.7.1
      through: 2.3.8
    dev: true

  /undici-types@7.16.0:
    resolution: {integrity: sha512-Zz+aZWSj8LE6zoxD+xrjh4VfkIG8Ya6LvYkZqtUQGJPZjYl53ypCaUwWqo7eI0x66KBGeRo+mlBEkMSeSZ38Nw==}
    dev: true

  /which@2.0.2:
    resolution: {integrity: sha512-BLI3Tl1TW3Pvl70l3yq3Y64i+awpwXqsGBYWkkqMtnbXgrMD+yj7rhW0kuEDxzJaYXGjEW5ogapKNMEKNMjibA==}
    engines: {node: '>= 8'}
    hasBin: true
    dependencies:
      isexe: 2.0.0
    dev: true

  /yauzl@3.2.0:
    resolution: {integrity: sha512-Ow9nuGZE+qp1u4JIPvg+uCiUr7xGQWdff7JQSk5VGYTAZMDe2q8lxJ10ygv10qmSj031Ty/6FNJpLO4o1Sgc+w==}
    engines: {node: '>=12'}
    dependencies:
      buffer-crc32: 0.2.13
      pend: 1.2.0
    dev: true
